
Microsoft Visual Studio Solution File, Format Version 11.00
# Visual Studio 2010
Project("{FAE04EC0-301F-11D3-BF4B-00C04F79EFBC}") = "Assembly-CSharp-Editor", "Assembly-CSharp-Editor.csproj", "{886d8d05-0f75-a4ee-942f-1864c27526a0}"
EndProject
Project("{FAE04EC0-301F-11D3-BF4B-00C04F79EFBC}") = "Assembly-CSharp", "Assembly-CSharp.csproj", "{d9b48bbd-99f6-70e1-2f7a-499149a58c05}"
EndProject
Global
	GlobalSection(SolutionConfigurationPlatforms) = preSolution
		Debug|Any CPU = Debug|Any CPU
	EndGlobalSection
	GlobalSection(ProjectConfigurationPlatforms) = postSolution
		{886d8d05-0f75-a4ee-942f-1864c27526a0}.Debug|Any CPU.ActiveCfg = Debug|Any CPU
		{886d8d05-0f75-a4ee-942f-1864c27526a0}.Debug|Any CPU.Build.0 = Debug|Any CPU
		{d9b48bbd-99f6-70e1-2f7a-499149a58c05}.Debug|Any CPU.ActiveCfg = Debug|Any CPU
		{d9b48bbd-99f6-70e1-2f7a-499149a58c05}.Debug|Any CPU.Build.0 = Debug|Any CPU
	EndGlobalSection
	GlobalSection(SolutionProperties) = preSolution
		HideSolutionNode = FALSE
	EndGlobalSection
EndGlobal
